
Microsoft Visual Studio Solution File, Format Version 12.00
# Visual Studio Version 16
VisualStudioVersion = 16.0.31624.102
MinimumVisualStudioVersion = 10.0.40219.1
Project("{FAE04EC0-301F-11D3-BF4B-00C04F79EFBC}") = "laba 10", "laba 10\laba 10.csproj", "{0E812D9E-533A-4000-AD5E-18E1541DCF56}"
EndProject
Global
	GlobalSection(SolutionConfigurationPlatforms) = preSolution
		Debug|Any CPU = Debug|Any CPU
		Release|Any CPU = Release|Any CPU
	EndGlobalSection
	GlobalSection(ProjectConfigurationPlatforms) = postSolution
		{0E812D9E-533A-4000-AD5E-18E1541DCF56}.Debug|Any CPU.ActiveCfg = Debug|Any CPU
		{0E812D9E-533A-4000-AD5E-18E1541DCF56}.Debug|Any CPU.Build.0 = Debug|Any CPU
		{0E812D9E-533A-4000-AD5E-18E1541DCF56}.Release|Any CPU.ActiveCfg = Release|Any CPU
		{0E812D9E-533A-4000-AD5E-18E1541DCF56}.Release|Any CPU.Build.0 = Release|Any CPU
	EndGlobalSection
	GlobalSection(SolutionProperties) = preSolution
		HideSolutionNode = FALSE
	EndGlobalSection
	GlobalSection(ExtensibilityGlobals) = postSolution
		SolutionGuid = {895C6765-3F73-4C28-8E56-4761EBCC0097}
	EndGlobalSection
EndGlobal
